
Microsoft Visual Studio Solution File, Format Version 12.00
# Visual Studio Version 17
VisualStudioVersion = 17.11.35222.181
MinimumVisualStudioVersion = 10.0.40219.1
Project("{9A19103F-16F7-4668-BE54-9A1E7A4F7556}") = "WebApplicationTestSU", "WebApplicationTestSU\WebApplicationTestSU.csproj", "{3644CEE8-250C-4116-9572-493855BAE610}"
EndProject
Project("{FAE04EC0-301F-11D3-BF4B-00C04F79EFBC}") = "Test", "Test\Test.csproj", "{1093277B-6AAB-4B14-B33C-70CBBEB49417}"
EndProject
Global
	GlobalSection(SolutionConfigurationPlatforms) = preSolution
		Debug|Any CPU = Debug|Any CPU
		Release|Any CPU = Release|Any CPU
	EndGlobalSection
	GlobalSection(ProjectConfigurationPlatforms) = postSolution
		{3644CEE8-250C-4116-9572-493855BAE610}.Debug|Any CPU.ActiveCfg = Debug|Any CPU
		{3644CEE8-250C-4116-9572-493855BAE610}.Debug|Any CPU.Build.0 = Debug|Any CPU
		{3644CEE8-250C-4116-9572-493855BAE610}.Release|Any CPU.ActiveCfg = Release|Any CPU
		{3644CEE8-250C-4116-9572-493855BAE610}.Release|Any CPU.Build.0 = Release|Any CPU
		{1093277B-6AAB-4B14-B33C-70CBBEB49417}.Debug|Any CPU.ActiveCfg = Debug|Any CPU
		{1093277B-6AAB-4B14-B33C-70CBBEB49417}.Debug|Any CPU.Build.0 = Debug|Any CPU
		{1093277B-6AAB-4B14-B33C-70CBBEB49417}.Release|Any CPU.ActiveCfg = Release|Any CPU
		{1093277B-6AAB-4B14-B33C-70CBBEB49417}.Release|Any CPU.Build.0 = Release|Any CPU
	EndGlobalSection
	GlobalSection(SolutionProperties) = preSolution
		HideSolutionNode = FALSE
	EndGlobalSection
	GlobalSection(ExtensibilityGlobals) = postSolution
		SolutionGuid = {7456EA77-1B9D-405A-872F-A0DC55CE920D}
	EndGlobalSection
EndGlobal
